
Microsoft Visual Studio Solution File, Format Version 12.00
# Visual Studio Version 16
VisualStudioVersion = 16.0.33927.289
MinimumVisualStudioVersion = 10.0.40219.1
Project("{FAE04EC0-301F-11D3-BF4B-00C04F79EFBC}") = "LabAct", "LabAct\LabAct.csproj", "{720342C9-F753-4CB7-BE52-883AD8306299}"
EndProject
Global
	GlobalSection(SolutionConfigurationPlatforms) = preSolution
		Debug|Any CPU = Debug|Any CPU
		Release|Any CPU = Release|Any CPU
	EndGlobalSection
	GlobalSection(ProjectConfigurationPlatforms) = postSolution
		{720342C9-F753-4CB7-BE52-883AD8306299}.Debug|Any CPU.ActiveCfg = Debug|Any CPU
		{720342C9-F753-4CB7-BE52-883AD8306299}.Debug|Any CPU.Build.0 = Debug|Any CPU
		{720342C9-F753-4CB7-BE52-883AD8306299}.Release|Any CPU.ActiveCfg = Release|Any CPU
		{720342C9-F753-4CB7-BE52-883AD8306299}.Release|Any CPU.Build.0 = Release|Any CPU
	EndGlobalSection
	GlobalSection(SolutionProperties) = preSolution
		HideSolutionNode = FALSE
	EndGlobalSection
	GlobalSection(ExtensibilityGlobals) = postSolution
		SolutionGuid = {9DB0585A-9114-4D36-840B-4BEDED424846}
	EndGlobalSection
EndGlobal
